
Microsoft Visual Studio Solution File, Format Version 12.00
# Visual Studio Version 17
VisualStudioVersion = 17.9.34728.123
MinimumVisualStudioVersion = 10.0.40219.1
Project("{8BC9CEB8-8B4A-11D0-8D11-00A0C91BC942}") = "Uppercase_1st_Letter", "Uppercase_1st_Letter\Uppercase_1st_Letter.vcxproj", "{64F8BCF6-F219-4D75-9830-542A71D46751}"
EndProject
Global
	GlobalSection(SolutionConfigurationPlatforms) = preSolution
		Debug|x64 = Debug|x64
		Debug|x86 = Debug|x86
		Release|x64 = Release|x64
		Release|x86 = Release|x86
	EndGlobalSection
	GlobalSection(ProjectConfigurationPlatforms) = postSolution
		{64F8BCF6-F219-4D75-9830-542A71D46751}.Debug|x64.ActiveCfg = Debug|x64
		{64F8BCF6-F219-4D75-9830-542A71D46751}.Debug|x64.Build.0 = Debug|x64
		{64F8BCF6-F219-4D75-9830-542A71D46751}.Debug|x86.ActiveCfg = Debug|Win32
		{64F8BCF6-F219-4D75-9830-542A71D46751}.Debug|x86.Build.0 = Debug|Win32
		{64F8BCF6-F219-4D75-9830-542A71D46751}.Release|x64.ActiveCfg = Release|x64
		{64F8BCF6-F219-4D75-9830-542A71D46751}.Release|x64.Build.0 = Release|x64
		{64F8BCF6-F219-4D75-9830-542A71D46751}.Release|x86.ActiveCfg = Release|Win32
		{64F8BCF6-F219-4D75-9830-542A71D46751}.Release|x86.Build.0 = Release|Win32
	EndGlobalSection
	GlobalSection(SolutionProperties) = preSolution
		HideSolutionNode = FALSE
	EndGlobalSection
	GlobalSection(ExtensibilityGlobals) = postSolution
		SolutionGuid = {F4553682-CBCD-4D59-BD60-2A19740312F3}
	EndGlobalSection
EndGlobal
